
Microsoft Visual Studio Solution File, Format Version 12.00
# Visual Studio Version 17
VisualStudioVersion = 17.0.31903.59
MinimumVisualStudioVersion = 10.0.40219.1
Project("{9A19103F-16F7-4668-BE54-9A1E7A4F7556}") = "PuzzleSolver.Tests", "PuzzleSolver.Tests\PuzzleSolver.Tests.csproj", "{A33A04DF-FF9D-4D4B-A55F-BD82FCBC586A}"
EndProject
Project("{9A19103F-16F7-4668-BE54-9A1E7A4F7556}") = "PuzzleSolver", "PuzzleSolver\PuzzleSolver.csproj", "{A27A7D5C-B321-472D-B877-04BDF64B037F}"
EndProject
Project("{2150E333-8FDC-42A3-9474-1A3956D46DE8}") = "Solution Items", "Solution Items", "{50542590-C02E-4EC2-B30E-A19DBBDC3740}"
	ProjectSection(SolutionItems) = preProject
		..\GitVersion.yml = ..\GitVersion.yml
		..\README.md = ..\README.md
		UpdateDependencies.ps1 = UpdateDependencies.ps1
		..\.github\workflows\workflow.yml = ..\.github\workflows\workflow.yml
	EndProjectSection
EndProject
Project("{9A19103F-16F7-4668-BE54-9A1E7A4F7556}") = "PuzzleSolver.App", "PuzzleSolver.App\PuzzleSolver.App.csproj", "{D8A1404E-69CB-4605-9D7A-789A12DBEA75}"
EndProject
Global
	GlobalSection(SolutionConfigurationPlatforms) = preSolution
		Debug|Any CPU = Debug|Any CPU
		Release|Any CPU = Release|Any CPU
	EndGlobalSection
	GlobalSection(ProjectConfigurationPlatforms) = postSolution
		{A33A04DF-FF9D-4D4B-A55F-BD82FCBC586A}.Debug|Any CPU.ActiveCfg = Debug|Any CPU
		{A33A04DF-FF9D-4D4B-A55F-BD82FCBC586A}.Debug|Any CPU.Build.0 = Debug|Any CPU
		{A33A04DF-FF9D-4D4B-A55F-BD82FCBC586A}.Release|Any CPU.ActiveCfg = Release|Any CPU
		{A33A04DF-FF9D-4D4B-A55F-BD82FCBC586A}.Release|Any CPU.Build.0 = Release|Any CPU
		{A27A7D5C-B321-472D-B877-04BDF64B037F}.Debug|Any CPU.ActiveCfg = Debug|Any CPU
		{A27A7D5C-B321-472D-B877-04BDF64B037F}.Debug|Any CPU.Build.0 = Debug|Any CPU
		{A27A7D5C-B321-472D-B877-04BDF64B037F}.Release|Any CPU.ActiveCfg = Release|Any CPU
		{A27A7D5C-B321-472D-B877-04BDF64B037F}.Release|Any CPU.Build.0 = Release|Any CPU
		{D8A1404E-69CB-4605-9D7A-789A12DBEA75}.Debug|Any CPU.ActiveCfg = Debug|Any CPU
		{D8A1404E-69CB-4605-9D7A-789A12DBEA75}.Debug|Any CPU.Build.0 = Debug|Any CPU
		{D8A1404E-69CB-4605-9D7A-789A12DBEA75}.Release|Any CPU.ActiveCfg = Release|Any CPU
		{D8A1404E-69CB-4605-9D7A-789A12DBEA75}.Release|Any CPU.Build.0 = Release|Any CPU
	EndGlobalSection
	GlobalSection(SolutionProperties) = preSolution
		HideSolutionNode = FALSE
	EndGlobalSection
	GlobalSection(ExtensibilityGlobals) = postSolution
		SolutionGuid = {BA2DDF17-B729-47FF-988D-43C987C5E1EA}
	EndGlobalSection
EndGlobal
